{
  "nodes": {
    "klipperscreen": {
      "flake": false,
      "locked": {
        "lastModified": 1750000006,
        "narHash": "sha256-h5WmmIq6Q7w4/oeyFYQFFPxpFCiWTnZ6Lt485OLQl/o=",
        "owner": "KlipperScreen",
        "repo": "KlipperScreen",
        "rev": "5ba4a1ff134ac1eba236043b8ec316c2298846e5",
        "type": "github"
      },
      "original": {
        "owner": "KlipperScreen",
        "repo": "KlipperScreen",
        "type": "github"
      }
    },
    "nixpkgs": {
      "locked": {
        "lastModified": 1748856973,
        "narHash": "sha256-RlTsJUvvr8ErjPBsiwrGbbHYW8XbB/oek0Gi78XdWKg=",
        "owner": "NixOS",
        "repo": "nixpkgs",
        "rev": "e4b09e47ace7d87de083786b404bf232eb6c89d8",
        "type": "github"
      },
      "original": {
        "owner": "NixOS",
        "ref": "nixpkgs-unstable",
        "repo": "nixpkgs",
        "type": "github"
      }
    },
    "root": {
      "inputs": {
        "klipperscreen": "klipperscreen",
        "nixpkgs": "nixpkgs"
      }
    }
  },
  "root": "root",
  "version": 7
}
