{
  "nodes": {
    "kamp": {
      "flake": false,
      "locked": {
        "lastModified": 1723517933,
        "narHash": "sha256-05l1rXmjiI+wOj2vJQdMf/cwVUOyq5d21LZesSowuvc=",
        "owner": "kyleisah",
        "repo": "Klipper-Adaptive-Meshing-Purging",
        "rev": "b0dad8ec9ee31cb644b94e39d4b8a8fb9d6c9ba0",
        "type": "github"
      },
      "original": {
        "owner": "kyleisah",
        "repo": "Klipper-Adaptive-Meshing-Purging",
        "type": "github"
      }
    },
    "klipperscreen": {
      "flake": false,
      "locked": {
        "lastModified": 1750000006,
        "narHash": "sha256-h5WmmIq6Q7w4/oeyFYQFFPxpFCiWTnZ6Lt485OLQl/o=",
        "owner": "KlipperScreen",
        "repo": "KlipperScreen",
        "rev": "5ba4a1ff134ac1eba236043b8ec316c2298846e5",
        "type": "github"
      },
      "original": {
        "owner": "KlipperScreen",
        "repo": "KlipperScreen",
        "type": "github"
      }
    },
    "nixos-hardware": {
      "locked": {
        "lastModified": 1749832440,
        "narHash": "sha256-lfxhuxAaHlYFGr8yOrAXZqdMt8PrFLzjVqH9v3lQaoY=",
        "owner": "NixOS",
        "repo": "nixos-hardware",
        "rev": "db030f62a449568345372bd62ed8c5be4824fa49",
        "type": "github"
      },
      "original": {
        "owner": "NixOS",
        "ref": "master",
        "repo": "nixos-hardware",
        "type": "github"
      }
    },
    "nixpkgs": {
      "locked": {
        "lastModified": 1754651824,
        "narHash": "sha256-aB7ft6njy9EJfuW+rdToNChfRrHNRw/yTg5cSEnG+HI=",
        "owner": "NixOS",
        "repo": "nixpkgs",
        "rev": "b069b7c1e2fe1a3a24221428558bf44128d3d5c8",
        "type": "github"
      },
      "original": {
        "owner": "NixOS",
        "ref": "nixpkgs-unstable",
        "repo": "nixpkgs",
        "type": "github"
      }
    },
    "root": {
      "inputs": {
        "kamp": "kamp",
        "klipperscreen": "klipperscreen",
        "nixos-hardware": "nixos-hardware",
        "nixpkgs": "nixpkgs",
        "shaketune": "shaketune",
        "z_calibration": "z_calibration"
      }
    },
    "shaketune": {
      "flake": false,
      "locked": {
        "lastModified": 1745004182,
        "narHash": "sha256-zzskp7ZiwR7nJ2e5eTCyEilctDoRxZdBn90zncFm0Rw=",
        "owner": "Frix-x",
        "repo": "klippain-shaketune",
        "rev": "c8ef451ec4153af492193ac31ed7eea6a52dbe4e",
        "type": "github"
      },
      "original": {
        "owner": "Frix-x",
        "repo": "klippain-shaketune",
        "type": "github"
      }
    },
    "z_calibration": {
      "flake": false,
      "locked": {
        "lastModified": 1746608692,
        "narHash": "sha256-WWP0LqhJ3ET4nxR8hVpq1uMOSK+CX7f3LXjOAZbRY8c=",
        "owner": "protoloft",
        "repo": "klipper_z_calibration",
        "rev": "487056ac07e7df082ea0b9acc7365b4a9874889e",
        "type": "github"
      },
      "original": {
        "owner": "protoloft",
        "repo": "klipper_z_calibration",
        "type": "github"
      }
    }
  },
  "root": "root",
  "version": 7
}
